<?xml version="1.0" encoding="utf-8"?>
<Project ToolsVersion="4.0" xmlns="http://schemas.microsoft.com/developer/msbuild/2003">
  <ItemGroup>
    <Filter Include="소스 파일">
      <UniqueIdentifier>{4FC737F1-C7A5-4376-A066-2A32D752A2FF}</UniqueIdentifier>
      <Extensions>cpp;c;cc;cxx;def;odl;idl;hpj;bat;asm;asmx</Extensions>
    </Filter>
    <Filter Include="헤더 파일">
      <UniqueIdentifier>{93995380-89BD-4b04-88EB-625FBE52EBFB}</UniqueIdentifier>
      <Extensions>h;hh;hpp;hxx;hm;inl;inc;ipp;xsd</Extensions>
    </Filter>
    <Filter Include="Utils">
      <UniqueIdentifier>{ba17500d-ad9c-4f58-aac0-5b857bb5e9c6}</UniqueIdentifier>
    </Filter>
    <Filter Include="리소스 파일">
      <UniqueIdentifier>{67DA6AB6-F800-4c08-8B7A-83BB121AAD01}</UniqueIdentifier>
      <Extensions>rc;ico;cur;bmp;dlg;rc2;rct;bin;rgs;gif;jpg;jpeg;jpe;resx;tiff;tif;png;wav;mfcribbon-ms</Extensions>
    </Filter>
  </ItemGroup>
  <ItemGroup>
    <ClInclude Include="stdafx.h">
      <Filter>헤더 파일</Filter>
    </ClInclude>
    <ClInclude Include="targetver.h">
      <Filter>헤더 파일</Filter>
    </ClInclude>
    <ClInclude Include="Resource.h">
      <Filter>헤더 파일</Filter>
    </ClInclude>
    <ClInclude Include="DirectXSampleProject.h">
      <Filter>헤더 파일</Filter>
    </ClInclude>
    <ClInclude Include="Core.h">
      <Filter>헤더 파일</Filter>
    </ClInclude>
    <ClInclude Include="Texture.h">
      <Filter>헤더 파일</Filter>
    </ClInclude>
    <ClInclude Include="Geometry.h">
      <Filter>헤더 파일</Filter>
    </ClInclude>
    <ClInclude Include="Data.h">
      <Filter>헤더 파일</Filter>
    </ClInclude>
    <ClInclude Include="RenderStatement.h">
      <Filter>헤더 파일</Filter>
    </ClInclude>
    <ClInclude Include="Instance.h">
      <Filter>헤더 파일</Filter>
    </ClInclude>
    <ClInclude Include="Scene.h">
      <Filter>헤더 파일</Filter>
    </ClInclude>
    <ClInclude Include="Camera.h">
      <Filter>헤더 파일</Filter>
    </ClInclude>
    <ClInclude Include="GI.h">
      <Filter>헤더 파일</Filter>
    </ClInclude>
    <ClInclude Include="IlluminationManager.h">
      <Filter>헤더 파일</Filter>
    </ClInclude>
    <ClInclude Include="ImGuiPresets.h">
      <Filter>헤더 파일</Filter>
    </ClInclude>
    <ClInclude Include="Light.h">
      <Filter>헤더 파일</Filter>
    </ClInclude>
    <ClInclude Include="Material.h">
      <Filter>헤더 파일</Filter>
    </ClInclude>
    <ClInclude Include="Primitives.h">
      <Filter>헤더 파일</Filter>
    </ClInclude>
    <ClInclude Include="ResourceManager.h">
      <Filter>헤더 파일</Filter>
    </ClInclude>
    <ClInclude Include="..\DirectXMesh-master\Utilities\WaveFrontReader.h">
      <Filter>Utils</Filter>
    </ClInclude>
    <ClInclude Include="..\DirectXMesh-master\DirectXMesh\DirectXMesh.h">
      <Filter>Utils</Filter>
    </ClInclude>
    <ClInclude Include="..\DirectXMesh-master\DirectXMesh\DirectXMeshP.h">
      <Filter>Utils</Filter>
    </ClInclude>
    <ClInclude Include="..\DirectXMesh-master\DirectXMesh\scoped.h">
      <Filter>Utils</Filter>
    </ClInclude>
    <ClInclude Include="..\DirectXMesh-master\Meshconvert\Mesh.h">
      <Filter>Utils</Filter>
    </ClInclude>
    <ClInclude Include="..\DirectXMesh-master\Meshconvert\SDKMesh.h">
      <Filter>Utils</Filter>
    </ClInclude>
    <ClInclude Include="InputManager.h">
      <Filter>헤더 파일</Filter>
    </ClInclude>
  </ItemGroup>
  <ItemGroup>
    <ClCompile Include="stdafx.cpp">
      <Filter>소스 파일</Filter>
    </ClCompile>
    <ClCompile Include="DirectXSampleProject.cpp">
      <Filter>소스 파일</Filter>
    </ClCompile>
    <ClCompile Include="Core.cpp">
      <Filter>소스 파일</Filter>
    </ClCompile>
    <ClCompile Include="Geometry.cpp">
      <Filter>소스 파일</Filter>
    </ClCompile>
    <ClCompile Include="Data.cpp">
      <Filter>소스 파일</Filter>
    </ClCompile>
    <ClCompile Include="Instance.cpp">
      <Filter>소스 파일</Filter>
    </ClCompile>
    <ClCompile Include="Scene.cpp">
      <Filter>소스 파일</Filter>
    </ClCompile>
    <ClCompile Include="Camera.cpp">
      <Filter>소스 파일</Filter>
    </ClCompile>
    <ClCompile Include="GI.cpp">
      <Filter>소스 파일</Filter>
    </ClCompile>
    <ClCompile Include="IlluminationManager.cpp">
      <Filter>소스 파일</Filter>
    </ClCompile>
    <ClCompile Include="imgui.cpp">
      <Filter>소스 파일</Filter>
    </ClCompile>
    <ClCompile Include="Light.cpp">
      <Filter>소스 파일</Filter>
    </ClCompile>
    <ClCompile Include="Material.cpp">
      <Filter>소스 파일</Filter>
    </ClCompile>
    <ClCompile Include="Primitives.cpp">
      <Filter>소스 파일</Filter>
    </ClCompile>
    <ClCompile Include="ResourceManager.cpp">
      <Filter>소스 파일</Filter>
    </ClCompile>
    <ClCompile Include="..\DirectXMesh-master\DirectXMesh\DirectXMeshAdjacency.cpp">
      <Filter>Utils</Filter>
    </ClCompile>
    <ClCompile Include="..\DirectXMesh-master\DirectXMesh\DirectXMeshClean.cpp">
      <Filter>Utils</Filter>
    </ClCompile>
    <ClCompile Include="..\DirectXMesh-master\DirectXMesh\DirectXMeshGSAdjacency.cpp">
      <Filter>Utils</Filter>
    </ClCompile>
    <ClCompile Include="..\DirectXMesh-master\DirectXMesh\DirectXMeshletGenerator.cpp">
      <Filter>Utils</Filter>
    </ClCompile>
    <ClCompile Include="..\DirectXMesh-master\DirectXMesh\DirectXMeshNormals.cpp">
      <Filter>Utils</Filter>
    </ClCompile>
    <ClCompile Include="..\DirectXMesh-master\DirectXMesh\DirectXMeshOptimize.cpp">
      <Filter>Utils</Filter>
    </ClCompile>
    <ClCompile Include="..\DirectXMesh-master\DirectXMesh\DirectXMeshOptimizeLRU.cpp">
      <Filter>Utils</Filter>
    </ClCompile>
    <ClCompile Include="..\DirectXMesh-master\DirectXMesh\DirectXMeshOptimizeTVC.cpp">
      <Filter>Utils</Filter>
    </ClCompile>
    <ClCompile Include="..\DirectXMesh-master\DirectXMesh\DirectXMeshRemap.cpp">
      <Filter>Utils</Filter>
    </ClCompile>
    <ClCompile Include="..\DirectXMesh-master\DirectXMesh\DirectXMeshTangentFrame.cpp">
      <Filter>Utils</Filter>
    </ClCompile>
    <ClCompile Include="..\DirectXMesh-master\DirectXMesh\DirectXMeshUtil.cpp">
      <Filter>Utils</Filter>
    </ClCompile>
    <ClCompile Include="..\DirectXMesh-master\DirectXMesh\DirectXMeshValidate.cpp">
      <Filter>Utils</Filter>
    </ClCompile>
    <ClCompile Include="..\DirectXMesh-master\DirectXMesh\DirectXMeshVBReader.cpp">
      <Filter>Utils</Filter>
    </ClCompile>
    <ClCompile Include="..\DirectXMesh-master\DirectXMesh\DirectXMeshVBWriter.cpp">
      <Filter>Utils</Filter>
    </ClCompile>
    <ClCompile Include="..\DirectXMesh-master\DirectXMesh\DirectXMeshWeldVertices.cpp">
      <Filter>Utils</Filter>
    </ClCompile>
    <ClCompile Include="..\DirectXMesh-master\Meshconvert\Mesh.cpp">
      <Filter>Utils</Filter>
    </ClCompile>
    <ClCompile Include="..\DirectXMesh-master\Meshconvert\Meshconvert.cpp">
      <Filter>Utils</Filter>
    </ClCompile>
    <ClCompile Include="..\DirectXMesh-master\Meshconvert\MeshOBJ.cpp">
      <Filter>Utils</Filter>
    </ClCompile>
    <ClCompile Include="InputManager.cpp">
      <Filter>소스 파일</Filter>
    </ClCompile>
  </ItemGroup>
  <ItemGroup>
    <ResourceCompile Include="DirectXSampleProject.rc">
      <Filter>리소스 파일</Filter>
    </ResourceCompile>
  </ItemGroup>
  <ItemGroup>
    <Image Include="small.ico">
      <Filter>리소스 파일</Filter>
    </Image>
    <Image Include="DirectXSampleProject.ico">
      <Filter>리소스 파일</Filter>
    </Image>
  </ItemGroup>
  <ItemGroup>
    <None Include="TestShader.hlsl">
      <Filter>리소스 파일</Filter>
    </None>
    <None Include="ComputeTile.hlsl" />
    <None Include="RenderScreen.hlsl" />
    <None Include="ScreenTexture.hlsl" />
  </ItemGroup>
  <ItemGroup>
    <FxCompile Include="ComputeShadows.hlsl" />
  </ItemGroup>
</Project>